
Microsoft Visual Studio Solution File, Format Version 12.00
# Visual Studio Version 17
VisualStudioVersion = 17.0.31903.59
MinimumVisualStudioVersion = 10.0.40219.1
Project("{FAE04EC0-301F-11D3-BF4B-00C04F79EFBC}") = "Fina.Api", "Fina.Api\Fina.Api.csproj", "{32E04F59-7D28-4073-BF3C-D72BE1E8E594}"
EndProject
Project("{FAE04EC0-301F-11D3-BF4B-00C04F79EFBC}") = "Fina.Core", "Fina.Core\Fina.Core.csproj", "{84015201-54C8-412E-A514-4A84CDF4D3BD}"
EndProject
Project("{FAE04EC0-301F-11D3-BF4B-00C04F79EFBC}") = "Fina.Web", "Fina.Web\Fina.Web.csproj", "{1CA873B0-FAE5-49AB-8BFC-E9CAB6693DB4}"
EndProject
Global
	GlobalSection(SolutionConfigurationPlatforms) = preSolution
		Debug|Any CPU = Debug|Any CPU
		Release|Any CPU = Release|Any CPU
	EndGlobalSection
	GlobalSection(SolutionProperties) = preSolution
		HideSolutionNode = FALSE
	EndGlobalSection
	GlobalSection(ProjectConfigurationPlatforms) = postSolution
		{32E04F59-7D28-4073-BF3C-D72BE1E8E594}.Debug|Any CPU.ActiveCfg = Debug|Any CPU
		{32E04F59-7D28-4073-BF3C-D72BE1E8E594}.Debug|Any CPU.Build.0 = Debug|Any CPU
		{32E04F59-7D28-4073-BF3C-D72BE1E8E594}.Release|Any CPU.ActiveCfg = Release|Any CPU
		{32E04F59-7D28-4073-BF3C-D72BE1E8E594}.Release|Any CPU.Build.0 = Release|Any CPU
		{84015201-54C8-412E-A514-4A84CDF4D3BD}.Debug|Any CPU.ActiveCfg = Debug|Any CPU
		{84015201-54C8-412E-A514-4A84CDF4D3BD}.Debug|Any CPU.Build.0 = Debug|Any CPU
		{84015201-54C8-412E-A514-4A84CDF4D3BD}.Release|Any CPU.ActiveCfg = Release|Any CPU
		{84015201-54C8-412E-A514-4A84CDF4D3BD}.Release|Any CPU.Build.0 = Release|Any CPU
		{1CA873B0-FAE5-49AB-8BFC-E9CAB6693DB4}.Debug|Any CPU.ActiveCfg = Debug|Any CPU
		{1CA873B0-FAE5-49AB-8BFC-E9CAB6693DB4}.Debug|Any CPU.Build.0 = Debug|Any CPU
		{1CA873B0-FAE5-49AB-8BFC-E9CAB6693DB4}.Release|Any CPU.ActiveCfg = Release|Any CPU
		{1CA873B0-FAE5-49AB-8BFC-E9CAB6693DB4}.Release|Any CPU.Build.0 = Release|Any CPU
	EndGlobalSection
EndGlobal
